
Microsoft Visual Studio Solution File, Format Version 12.00
# Visual Studio Version 16
VisualStudioVersion = 16.0.29319.158
MinimumVisualStudioVersion = 10.0.40219.1
Project("{2150E333-8FDC-42A3-9474-1A3956D46DE8}") = "src", "src", "{6E9FF2CF-EAD3-43DD-8D5D-A53BB0445A43}"
EndProject
Project("{2150E333-8FDC-42A3-9474-1A3956D46DE8}") = "Solution Items", "Solution Items", "{BD90A61F-0AEB-4B78-B4BD-FB8140368475}"
	ProjectSection(SolutionItems) = preProject
		.editorconfig = .editorconfig
		README.md = README.md
	EndProjectSection
EndProject
Project("{9A19103F-16F7-4668-BE54-9A1E7A4F7556}") = "Liyanjie.Http", "src\Liyanjie.Http\Liyanjie.Http.csproj", "{887B7D80-CFE9-4146-855F-D18E9DB6F2C2}"
EndProject
Project("{9A19103F-16F7-4668-BE54-9A1E7A4F7556}") = "Liyanjie.TemplateMatching", "src\Liyanjie.TemplateMatching\Liyanjie.TemplateMatching.csproj", "{714941A1-46F7-45F4-8B1B-3ADF0661D02E}"
EndProject
Project("{9A19103F-16F7-4668-BE54-9A1E7A4F7556}") = "Liyanjie.EnglishPluralization", "src\Liyanjie.EnglishPluralization\Liyanjie.EnglishPluralization.csproj", "{F89CCA45-FC3B-4D74-A0C0-54D121F4508D}"
EndProject
Project("{9A19103F-16F7-4668-BE54-9A1E7A4F7556}") = "Liyanjie.Linq.Expressions", "src\Liyanjie.Linq.Expressions\Liyanjie.Linq.Expressions.csproj", "{F1902356-652E-4204-BFCC-2570D5AEE6BC}"
EndProject
Project("{9A19103F-16F7-4668-BE54-9A1E7A4F7556}") = "Liyanjie.TypeBuilder", "src\Liyanjie.TypeBuilder\Liyanjie.TypeBuilder.csproj", "{6294B336-E01F-4EBC-AFFB-2FD54A1233D4}"
EndProject
Project("{9A19103F-16F7-4668-BE54-9A1E7A4F7556}") = "Liyanjie.Linq", "src\Liyanjie.Linq\Liyanjie.Linq.csproj", "{405431C5-D8DC-4F30-BE95-69758420E5F4}"
EndProject
Project("{9092AA53-FB77-4645-B42D-1CCCA6BD08BD}") = "Liyanjie.Linq.js", "src\Liyanjie.Linq.js\Liyanjie.Linq.js.njsproj", "{C2BF2367-0EB0-4663-BC4E-36F1898D14F6}"
EndProject
Project("{9A19103F-16F7-4668-BE54-9A1E7A4F7556}") = "Liyanjie.AspNetCore.Http.Extensions", "src\Liyanjie.AspNetCore.Http.Extensions\Liyanjie.AspNetCore.Http.Extensions.csproj", "{B5D4D323-420B-491E-A276-3C9FB4DF45A3}"
EndProject
Project("{9A19103F-16F7-4668-BE54-9A1E7A4F7556}") = "Liyanjie.AspNetCore.Mvc.Extensions", "src\Liyanjie.AspNetCore.Mvc.Extensions\Liyanjie.AspNetCore.Mvc.Extensions.csproj", "{58954301-631F-42AA-B443-3E2115AC6ED0}"
EndProject
Project("{2150E333-8FDC-42A3-9474-1A3956D46DE8}") = "test", "test", "{E8BAE215-1C03-4791-8D18-D34C71363E07}"
EndProject
Project("{9A19103F-16F7-4668-BE54-9A1E7A4F7556}") = "Liyanjie.AspNetCore.Authentication.Code", "src\Liyanjie.AspNetCore.Authentication.Code\Liyanjie.AspNetCore.Authentication.Code.csproj", "{00B2191A-C8FB-465C-9652-1227C56DAA6F}"
EndProject
Project("{2150E333-8FDC-42A3-9474-1A3956D46DE8}") = "sample", "sample", "{93D289B2-043A-43F8-BB3B-A93B59B76966}"
EndProject
Project("{9A19103F-16F7-4668-BE54-9A1E7A4F7556}") = "Liyanjie.Utilities", "src\Liyanjie.Utilities\Liyanjie.Utilities.csproj", "{52684068-F076-4258-BEEC-A92207D3A193}"
EndProject
Project("{9092AA53-FB77-4645-B42D-1CCCA6BD08BD}") = "Liyanjie.Utilities.js", "src\Liyanjie.Utilities.js\Liyanjie.Utilities.js.njsproj", "{28B79092-2429-4EF5-B840-FE76B0F1E048}"
EndProject
Project("{9A19103F-16F7-4668-BE54-9A1E7A4F7556}") = "Liyanjie.Utilities.Cn", "src\Liyanjie.Utilities.Cn\Liyanjie.Utilities.Cn.csproj", "{9A59FB4A-07C8-43D3-BD56-EAAE3E43F61A}"
EndProject
Project("{9A19103F-16F7-4668-BE54-9A1E7A4F7556}") = "Liyanjie.Drawing.Extensions", "src\Liyanjie.Drawing.Extensions\Liyanjie.Drawing.Extensions.csproj", "{A822E6DA-54A5-4B5C-83B4-706163683EB5}"
EndProject
Project("{9A19103F-16F7-4668-BE54-9A1E7A4F7556}") = "Liyanjie.GrpcServer", "src\Liyanjie.GrpcServer\Liyanjie.GrpcServer.csproj", "{8D232286-BAE5-4743-9587-0EA352A4E80E}"
EndProject
Project("{9A19103F-16F7-4668-BE54-9A1E7A4F7556}") = "Liyanjie.ValueObjects", "src\Liyanjie.ValueObjects\Liyanjie.ValueObjects.csproj", "{FB2430A4-5E93-4EFE-B43F-6C2ECD4E7DE0}"
EndProject
Project("{FAE04EC0-301F-11D3-BF4B-00C04F79EFBC}") = "ConsoleApp", "test\ConsoleApp\ConsoleApp.csproj", "{65045F48-BCC5-4746-9C38-34FBA12ACE8C}"
EndProject
Global
	GlobalSection(SolutionConfigurationPlatforms) = preSolution
		Debug|Any CPU = Debug|Any CPU
		Release|Any CPU = Release|Any CPU
	EndGlobalSection
	GlobalSection(ProjectConfigurationPlatforms) = postSolution
		{887B7D80-CFE9-4146-855F-D18E9DB6F2C2}.Debug|Any CPU.ActiveCfg = Debug|Any CPU
		{887B7D80-CFE9-4146-855F-D18E9DB6F2C2}.Debug|Any CPU.Build.0 = Debug|Any CPU
		{887B7D80-CFE9-4146-855F-D18E9DB6F2C2}.Release|Any CPU.ActiveCfg = Release|Any CPU
		{887B7D80-CFE9-4146-855F-D18E9DB6F2C2}.Release|Any CPU.Build.0 = Release|Any CPU
		{714941A1-46F7-45F4-8B1B-3ADF0661D02E}.Debug|Any CPU.ActiveCfg = Debug|Any CPU
		{714941A1-46F7-45F4-8B1B-3ADF0661D02E}.Debug|Any CPU.Build.0 = Debug|Any CPU
		{714941A1-46F7-45F4-8B1B-3ADF0661D02E}.Release|Any CPU.ActiveCfg = Release|Any CPU
		{714941A1-46F7-45F4-8B1B-3ADF0661D02E}.Release|Any CPU.Build.0 = Release|Any CPU
		{F89CCA45-FC3B-4D74-A0C0-54D121F4508D}.Debug|Any CPU.ActiveCfg = Debug|Any CPU
		{F89CCA45-FC3B-4D74-A0C0-54D121F4508D}.Debug|Any CPU.Build.0 = Debug|Any CPU
		{F89CCA45-FC3B-4D74-A0C0-54D121F4508D}.Release|Any CPU.ActiveCfg = Release|Any CPU
		{F89CCA45-FC3B-4D74-A0C0-54D121F4508D}.Release|Any CPU.Build.0 = Release|Any CPU
		{F1902356-652E-4204-BFCC-2570D5AEE6BC}.Debug|Any CPU.ActiveCfg = Debug|Any CPU
		{F1902356-652E-4204-BFCC-2570D5AEE6BC}.Debug|Any CPU.Build.0 = Debug|Any CPU
		{F1902356-652E-4204-BFCC-2570D5AEE6BC}.Release|Any CPU.ActiveCfg = Release|Any CPU
		{F1902356-652E-4204-BFCC-2570D5AEE6BC}.Release|Any CPU.Build.0 = Release|Any CPU
		{6294B336-E01F-4EBC-AFFB-2FD54A1233D4}.Debug|Any CPU.ActiveCfg = Debug|Any CPU
		{6294B336-E01F-4EBC-AFFB-2FD54A1233D4}.Debug|Any CPU.Build.0 = Debug|Any CPU
		{6294B336-E01F-4EBC-AFFB-2FD54A1233D4}.Release|Any CPU.ActiveCfg = Release|Any CPU
		{6294B336-E01F-4EBC-AFFB-2FD54A1233D4}.Release|Any CPU.Build.0 = Release|Any CPU
		{405431C5-D8DC-4F30-BE95-69758420E5F4}.Debug|Any CPU.ActiveCfg = Debug|Any CPU
		{405431C5-D8DC-4F30-BE95-69758420E5F4}.Debug|Any CPU.Build.0 = Debug|Any CPU
		{405431C5-D8DC-4F30-BE95-69758420E5F4}.Release|Any CPU.ActiveCfg = Release|Any CPU
		{405431C5-D8DC-4F30-BE95-69758420E5F4}.Release|Any CPU.Build.0 = Release|Any CPU
		{C2BF2367-0EB0-4663-BC4E-36F1898D14F6}.Debug|Any CPU.ActiveCfg = Debug|Any CPU
		{C2BF2367-0EB0-4663-BC4E-36F1898D14F6}.Debug|Any CPU.Build.0 = Debug|Any CPU
		{C2BF2367-0EB0-4663-BC4E-36F1898D14F6}.Release|Any CPU.ActiveCfg = Release|Any CPU
		{C2BF2367-0EB0-4663-BC4E-36F1898D14F6}.Release|Any CPU.Build.0 = Release|Any CPU
		{B5D4D323-420B-491E-A276-3C9FB4DF45A3}.Debug|Any CPU.ActiveCfg = Debug|Any CPU
		{B5D4D323-420B-491E-A276-3C9FB4DF45A3}.Debug|Any CPU.Build.0 = Debug|Any CPU
		{B5D4D323-420B-491E-A276-3C9FB4DF45A3}.Release|Any CPU.ActiveCfg = Release|Any CPU
		{B5D4D323-420B-491E-A276-3C9FB4DF45A3}.Release|Any CPU.Build.0 = Release|Any CPU
		{58954301-631F-42AA-B443-3E2115AC6ED0}.Debug|Any CPU.ActiveCfg = Debug|Any CPU
		{58954301-631F-42AA-B443-3E2115AC6ED0}.Debug|Any CPU.Build.0 = Debug|Any CPU
		{58954301-631F-42AA-B443-3E2115AC6ED0}.Release|Any CPU.ActiveCfg = Release|Any CPU
		{58954301-631F-42AA-B443-3E2115AC6ED0}.Release|Any CPU.Build.0 = Release|Any CPU
		{00B2191A-C8FB-465C-9652-1227C56DAA6F}.Debug|Any CPU.ActiveCfg = Debug|Any CPU
		{00B2191A-C8FB-465C-9652-1227C56DAA6F}.Debug|Any CPU.Build.0 = Debug|Any CPU
		{00B2191A-C8FB-465C-9652-1227C56DAA6F}.Release|Any CPU.ActiveCfg = Release|Any CPU
		{00B2191A-C8FB-465C-9652-1227C56DAA6F}.Release|Any CPU.Build.0 = Release|Any CPU
		{52684068-F076-4258-BEEC-A92207D3A193}.Debug|Any CPU.ActiveCfg = Debug|Any CPU
		{52684068-F076-4258-BEEC-A92207D3A193}.Debug|Any CPU.Build.0 = Debug|Any CPU
		{52684068-F076-4258-BEEC-A92207D3A193}.Release|Any CPU.ActiveCfg = Release|Any CPU
		{52684068-F076-4258-BEEC-A92207D3A193}.Release|Any CPU.Build.0 = Release|Any CPU
		{28B79092-2429-4EF5-B840-FE76B0F1E048}.Debug|Any CPU.ActiveCfg = Debug|Any CPU
		{28B79092-2429-4EF5-B840-FE76B0F1E048}.Debug|Any CPU.Build.0 = Debug|Any CPU
		{28B79092-2429-4EF5-B840-FE76B0F1E048}.Release|Any CPU.ActiveCfg = Release|Any CPU
		{28B79092-2429-4EF5-B840-FE76B0F1E048}.Release|Any CPU.Build.0 = Release|Any CPU
		{9A59FB4A-07C8-43D3-BD56-EAAE3E43F61A}.Debug|Any CPU.ActiveCfg = Debug|Any CPU
		{9A59FB4A-07C8-43D3-BD56-EAAE3E43F61A}.Debug|Any CPU.Build.0 = Debug|Any CPU
		{9A59FB4A-07C8-43D3-BD56-EAAE3E43F61A}.Release|Any CPU.ActiveCfg = Release|Any CPU
		{9A59FB4A-07C8-43D3-BD56-EAAE3E43F61A}.Release|Any CPU.Build.0 = Release|Any CPU
		{A822E6DA-54A5-4B5C-83B4-706163683EB5}.Debug|Any CPU.ActiveCfg = Debug|Any CPU
		{A822E6DA-54A5-4B5C-83B4-706163683EB5}.Debug|Any CPU.Build.0 = Debug|Any CPU
		{A822E6DA-54A5-4B5C-83B4-706163683EB5}.Release|Any CPU.ActiveCfg = Release|Any CPU
		{A822E6DA-54A5-4B5C-83B4-706163683EB5}.Release|Any CPU.Build.0 = Release|Any CPU
		{8D232286-BAE5-4743-9587-0EA352A4E80E}.Debug|Any CPU.ActiveCfg = Debug|Any CPU
		{8D232286-BAE5-4743-9587-0EA352A4E80E}.Debug|Any CPU.Build.0 = Debug|Any CPU
		{8D232286-BAE5-4743-9587-0EA352A4E80E}.Release|Any CPU.ActiveCfg = Release|Any CPU
		{8D232286-BAE5-4743-9587-0EA352A4E80E}.Release|Any CPU.Build.0 = Release|Any CPU
		{FB2430A4-5E93-4EFE-B43F-6C2ECD4E7DE0}.Debug|Any CPU.ActiveCfg = Debug|Any CPU
		{FB2430A4-5E93-4EFE-B43F-6C2ECD4E7DE0}.Debug|Any CPU.Build.0 = Debug|Any CPU
		{FB2430A4-5E93-4EFE-B43F-6C2ECD4E7DE0}.Release|Any CPU.ActiveCfg = Release|Any CPU
		{FB2430A4-5E93-4EFE-B43F-6C2ECD4E7DE0}.Release|Any CPU.Build.0 = Release|Any CPU
		{65045F48-BCC5-4746-9C38-34FBA12ACE8C}.Debug|Any CPU.ActiveCfg = Debug|Any CPU
		{65045F48-BCC5-4746-9C38-34FBA12ACE8C}.Debug|Any CPU.Build.0 = Debug|Any CPU
		{65045F48-BCC5-4746-9C38-34FBA12ACE8C}.Release|Any CPU.ActiveCfg = Release|Any CPU
		{65045F48-BCC5-4746-9C38-34FBA12ACE8C}.Release|Any CPU.Build.0 = Release|Any CPU
	EndGlobalSection
	GlobalSection(SolutionProperties) = preSolution
		HideSolutionNode = FALSE
	EndGlobalSection
	GlobalSection(NestedProjects) = preSolution
		{887B7D80-CFE9-4146-855F-D18E9DB6F2C2} = {6E9FF2CF-EAD3-43DD-8D5D-A53BB0445A43}
		{714941A1-46F7-45F4-8B1B-3ADF0661D02E} = {6E9FF2CF-EAD3-43DD-8D5D-A53BB0445A43}
		{F89CCA45-FC3B-4D74-A0C0-54D121F4508D} = {6E9FF2CF-EAD3-43DD-8D5D-A53BB0445A43}
		{F1902356-652E-4204-BFCC-2570D5AEE6BC} = {6E9FF2CF-EAD3-43DD-8D5D-A53BB0445A43}
		{6294B336-E01F-4EBC-AFFB-2FD54A1233D4} = {6E9FF2CF-EAD3-43DD-8D5D-A53BB0445A43}
		{405431C5-D8DC-4F30-BE95-69758420E5F4} = {6E9FF2CF-EAD3-43DD-8D5D-A53BB0445A43}
		{C2BF2367-0EB0-4663-BC4E-36F1898D14F6} = {6E9FF2CF-EAD3-43DD-8D5D-A53BB0445A43}
		{B5D4D323-420B-491E-A276-3C9FB4DF45A3} = {6E9FF2CF-EAD3-43DD-8D5D-A53BB0445A43}
		{58954301-631F-42AA-B443-3E2115AC6ED0} = {6E9FF2CF-EAD3-43DD-8D5D-A53BB0445A43}
		{00B2191A-C8FB-465C-9652-1227C56DAA6F} = {6E9FF2CF-EAD3-43DD-8D5D-A53BB0445A43}
		{52684068-F076-4258-BEEC-A92207D3A193} = {6E9FF2CF-EAD3-43DD-8D5D-A53BB0445A43}
		{28B79092-2429-4EF5-B840-FE76B0F1E048} = {6E9FF2CF-EAD3-43DD-8D5D-A53BB0445A43}
		{9A59FB4A-07C8-43D3-BD56-EAAE3E43F61A} = {6E9FF2CF-EAD3-43DD-8D5D-A53BB0445A43}
		{A822E6DA-54A5-4B5C-83B4-706163683EB5} = {6E9FF2CF-EAD3-43DD-8D5D-A53BB0445A43}
		{8D232286-BAE5-4743-9587-0EA352A4E80E} = {6E9FF2CF-EAD3-43DD-8D5D-A53BB0445A43}
		{FB2430A4-5E93-4EFE-B43F-6C2ECD4E7DE0} = {6E9FF2CF-EAD3-43DD-8D5D-A53BB0445A43}
		{65045F48-BCC5-4746-9C38-34FBA12ACE8C} = {E8BAE215-1C03-4791-8D18-D34C71363E07}
	EndGlobalSection
	GlobalSection(ExtensibilityGlobals) = postSolution
		SolutionGuid = {D8F8E1D8-848B-4EE7-B1FD-9200F7EF1AD2}
	EndGlobalSection
EndGlobal
